
Microsoft Visual Studio Solution File, Format Version 12.00
# Visual Studio Version 17
VisualStudioVersion = 17.13.35919.96 d17.13
MinimumVisualStudioVersion = 10.0.40219.1
Project("{FAE04EC0-301F-11D3-BF4B-00C04F79EFBC}") = "AracKiralamaSistemi.UI", "AracKiralamaSistemi.UI.csproj", "{BBB9B1A7-7217-4D74-9123-E4F3B61C004D}"
EndProject
Project("{FAE04EC0-301F-11D3-BF4B-00C04F79EFBC}") = "AracKiralamaSistemi.Models", "..\AracKiralamaSistemi.Models\AracKiralamaSistemi.Models.csproj", "{6FEB386F-8AEA-4D43-AFC1-36A9C44AD20E}"
EndProject
Project("{FAE04EC0-301F-11D3-BF4B-00C04F79EFBC}") = "AracKiralamaSistemi.Repository", "..\AracKiralamaSistemi.Repository\AracKiralamaSistemi.Repository.csproj", "{5BDD129C-F0F6-460C-92F4-3922C2C948FD}"
EndProject
Project("{FAE04EC0-301F-11D3-BF4B-00C04F79EFBC}") = "AracKiralamaSistemi.Service", "..\AracKiralamaSistemi.Service\AracKiralamaSistemi.Service.csproj", "{6DA6BE4E-8450-4BE1-B9F3-4EEA32810444}"
EndProject
Project("{FAE04EC0-301F-11D3-BF4B-00C04F79EFBC}") = "AracKiralamaSistemi.API", "..\AracKiralamaSistemi.API\AracKiralamaSistemi.API.csproj", "{6FE6434B-2377-4F71-9E59-DADBF1ED9903}"
EndProject
Global
	GlobalSection(SolutionConfigurationPlatforms) = preSolution
		Debug|Any CPU = Debug|Any CPU
		Release|Any CPU = Release|Any CPU
	EndGlobalSection
	GlobalSection(ProjectConfigurationPlatforms) = postSolution
		{BBB9B1A7-7217-4D74-9123-E4F3B61C004D}.Debug|Any CPU.ActiveCfg = Debug|Any CPU
		{BBB9B1A7-7217-4D74-9123-E4F3B61C004D}.Debug|Any CPU.Build.0 = Debug|Any CPU
		{BBB9B1A7-7217-4D74-9123-E4F3B61C004D}.Release|Any CPU.ActiveCfg = Release|Any CPU
		{BBB9B1A7-7217-4D74-9123-E4F3B61C004D}.Release|Any CPU.Build.0 = Release|Any CPU
		{6FEB386F-8AEA-4D43-AFC1-36A9C44AD20E}.Debug|Any CPU.ActiveCfg = Debug|Any CPU
		{6FEB386F-8AEA-4D43-AFC1-36A9C44AD20E}.Debug|Any CPU.Build.0 = Debug|Any CPU
		{6FEB386F-8AEA-4D43-AFC1-36A9C44AD20E}.Release|Any CPU.ActiveCfg = Release|Any CPU
		{6FEB386F-8AEA-4D43-AFC1-36A9C44AD20E}.Release|Any CPU.Build.0 = Release|Any CPU
		{5BDD129C-F0F6-460C-92F4-3922C2C948FD}.Debug|Any CPU.ActiveCfg = Debug|Any CPU
		{5BDD129C-F0F6-460C-92F4-3922C2C948FD}.Debug|Any CPU.Build.0 = Debug|Any CPU
		{5BDD129C-F0F6-460C-92F4-3922C2C948FD}.Release|Any CPU.ActiveCfg = Release|Any CPU
		{5BDD129C-F0F6-460C-92F4-3922C2C948FD}.Release|Any CPU.Build.0 = Release|Any CPU
		{6DA6BE4E-8450-4BE1-B9F3-4EEA32810444}.Debug|Any CPU.ActiveCfg = Debug|Any CPU
		{6DA6BE4E-8450-4BE1-B9F3-4EEA32810444}.Debug|Any CPU.Build.0 = Debug|Any CPU
		{6DA6BE4E-8450-4BE1-B9F3-4EEA32810444}.Release|Any CPU.ActiveCfg = Release|Any CPU
		{6DA6BE4E-8450-4BE1-B9F3-4EEA32810444}.Release|Any CPU.Build.0 = Release|Any CPU
		{6FE6434B-2377-4F71-9E59-DADBF1ED9903}.Debug|Any CPU.ActiveCfg = Debug|Any CPU
		{6FE6434B-2377-4F71-9E59-DADBF1ED9903}.Debug|Any CPU.Build.0 = Debug|Any CPU
		{6FE6434B-2377-4F71-9E59-DADBF1ED9903}.Release|Any CPU.ActiveCfg = Release|Any CPU
		{6FE6434B-2377-4F71-9E59-DADBF1ED9903}.Release|Any CPU.Build.0 = Release|Any CPU
	EndGlobalSection
	GlobalSection(SolutionProperties) = preSolution
		HideSolutionNode = FALSE
	EndGlobalSection
	GlobalSection(ExtensibilityGlobals) = postSolution
		SolutionGuid = {2AC28B84-FFB8-4FE4-898B-137535670DFB}
	EndGlobalSection
EndGlobal
